
Microsoft Visual Studio Solution File, Format Version 12.00
# Visual Studio Version 17
VisualStudioVersion = 17.0.31903.59
MinimumVisualStudioVersion = 10.0.40219.1
Project("{FAE04EC0-301F-11D3-BF4B-00C04F79EFBC}") = "GmailUnsubscriber.Core", "GmailUnsubscriber.Core\GmailUnsubscriber.Core.csproj", "{98D81190-2217-4CD8-8B05-D8D00FD73250}"
EndProject
Project("{FAE04EC0-301F-11D3-BF4B-00C04F79EFBC}") = "GmailUnsubscriber.Infrastructure", "GmailUnsubscriber.Infrastructure\GmailUnsubscriber.Infrastructure.csproj", "{073B8BDC-A3BF-44AA-A16A-01A6B0BB65A4}"
EndProject
Project("{FAE04EC0-301F-11D3-BF4B-00C04F79EFBC}") = "GmailUnsubscriber.App", "GmailUnsubscriber.App\GmailUnsubscriber.App.csproj", "{756C5D1D-1AE7-4343-98F8-C71B96FDE696}"
EndProject
Project("{FAE04EC0-301F-11D3-BF4B-00C04F79EFBC}") = "GmailUnsubscriber.Tests", "GmailUnsubscriber.Tests\GmailUnsubscriber.Tests.csproj", "{91BF4102-69BF-47E3-B6E6-B1919839D80C}"
EndProject
Global
	GlobalSection(SolutionConfigurationPlatforms) = preSolution
		Debug|Any CPU = Debug|Any CPU
		Debug|x64 = Debug|x64
		Debug|x86 = Debug|x86
		Release|Any CPU = Release|Any CPU
		Release|x64 = Release|x64
		Release|x86 = Release|x86
	EndGlobalSection
	GlobalSection(ProjectConfigurationPlatforms) = postSolution
		{98D81190-2217-4CD8-8B05-D8D00FD73250}.Debug|Any CPU.ActiveCfg = Debug|Any CPU
		{98D81190-2217-4CD8-8B05-D8D00FD73250}.Debug|Any CPU.Build.0 = Debug|Any CPU
		{98D81190-2217-4CD8-8B05-D8D00FD73250}.Debug|x64.ActiveCfg = Debug|Any CPU
		{98D81190-2217-4CD8-8B05-D8D00FD73250}.Debug|x64.Build.0 = Debug|Any CPU
		{98D81190-2217-4CD8-8B05-D8D00FD73250}.Debug|x86.ActiveCfg = Debug|Any CPU
		{98D81190-2217-4CD8-8B05-D8D00FD73250}.Debug|x86.Build.0 = Debug|Any CPU
		{98D81190-2217-4CD8-8B05-D8D00FD73250}.Release|Any CPU.ActiveCfg = Release|Any CPU
		{98D81190-2217-4CD8-8B05-D8D00FD73250}.Release|Any CPU.Build.0 = Release|Any CPU
		{98D81190-2217-4CD8-8B05-D8D00FD73250}.Release|x64.ActiveCfg = Release|Any CPU
		{98D81190-2217-4CD8-8B05-D8D00FD73250}.Release|x64.Build.0 = Release|Any CPU
		{98D81190-2217-4CD8-8B05-D8D00FD73250}.Release|x86.ActiveCfg = Release|Any CPU
		{98D81190-2217-4CD8-8B05-D8D00FD73250}.Release|x86.Build.0 = Release|Any CPU
		{073B8BDC-A3BF-44AA-A16A-01A6B0BB65A4}.Debug|Any CPU.ActiveCfg = Debug|Any CPU
		{073B8BDC-A3BF-44AA-A16A-01A6B0BB65A4}.Debug|Any CPU.Build.0 = Debug|Any CPU
		{073B8BDC-A3BF-44AA-A16A-01A6B0BB65A4}.Debug|x64.ActiveCfg = Debug|Any CPU
		{073B8BDC-A3BF-44AA-A16A-01A6B0BB65A4}.Debug|x64.Build.0 = Debug|Any CPU
		{073B8BDC-A3BF-44AA-A16A-01A6B0BB65A4}.Debug|x86.ActiveCfg = Debug|Any CPU
		{073B8BDC-A3BF-44AA-A16A-01A6B0BB65A4}.Debug|x86.Build.0 = Debug|Any CPU
		{073B8BDC-A3BF-44AA-A16A-01A6B0BB65A4}.Release|Any CPU.ActiveCfg = Release|Any CPU
		{073B8BDC-A3BF-44AA-A16A-01A6B0BB65A4}.Release|Any CPU.Build.0 = Release|Any CPU
		{073B8BDC-A3BF-44AA-A16A-01A6B0BB65A4}.Release|x64.ActiveCfg = Release|Any CPU
		{073B8BDC-A3BF-44AA-A16A-01A6B0BB65A4}.Release|x64.Build.0 = Release|Any CPU
		{073B8BDC-A3BF-44AA-A16A-01A6B0BB65A4}.Release|x86.ActiveCfg = Release|Any CPU
		{073B8BDC-A3BF-44AA-A16A-01A6B0BB65A4}.Release|x86.Build.0 = Release|Any CPU
		{756C5D1D-1AE7-4343-98F8-C71B96FDE696}.Debug|Any CPU.ActiveCfg = Debug|Any CPU
		{756C5D1D-1AE7-4343-98F8-C71B96FDE696}.Debug|Any CPU.Build.0 = Debug|Any CPU
		{756C5D1D-1AE7-4343-98F8-C71B96FDE696}.Debug|x64.ActiveCfg = Debug|Any CPU
		{756C5D1D-1AE7-4343-98F8-C71B96FDE696}.Debug|x64.Build.0 = Debug|Any CPU
		{756C5D1D-1AE7-4343-98F8-C71B96FDE696}.Debug|x86.ActiveCfg = Debug|Any CPU
		{756C5D1D-1AE7-4343-98F8-C71B96FDE696}.Debug|x86.Build.0 = Debug|Any CPU
		{756C5D1D-1AE7-4343-98F8-C71B96FDE696}.Release|Any CPU.ActiveCfg = Release|Any CPU
		{756C5D1D-1AE7-4343-98F8-C71B96FDE696}.Release|Any CPU.Build.0 = Release|Any CPU
		{756C5D1D-1AE7-4343-98F8-C71B96FDE696}.Release|x64.ActiveCfg = Release|Any CPU
		{756C5D1D-1AE7-4343-98F8-C71B96FDE696}.Release|x64.Build.0 = Release|Any CPU
		{756C5D1D-1AE7-4343-98F8-C71B96FDE696}.Release|x86.ActiveCfg = Release|Any CPU
		{756C5D1D-1AE7-4343-98F8-C71B96FDE696}.Release|x86.Build.0 = Release|Any CPU
		{91BF4102-69BF-47E3-B6E6-B1919839D80C}.Debug|Any CPU.ActiveCfg = Debug|Any CPU
		{91BF4102-69BF-47E3-B6E6-B1919839D80C}.Debug|Any CPU.Build.0 = Debug|Any CPU
		{91BF4102-69BF-47E3-B6E6-B1919839D80C}.Debug|x64.ActiveCfg = Debug|Any CPU
		{91BF4102-69BF-47E3-B6E6-B1919839D80C}.Debug|x64.Build.0 = Debug|Any CPU
		{91BF4102-69BF-47E3-B6E6-B1919839D80C}.Debug|x86.ActiveCfg = Debug|Any CPU
		{91BF4102-69BF-47E3-B6E6-B1919839D80C}.Debug|x86.Build.0 = Debug|Any CPU
		{91BF4102-69BF-47E3-B6E6-B1919839D80C}.Release|Any CPU.ActiveCfg = Release|Any CPU
		{91BF4102-69BF-47E3-B6E6-B1919839D80C}.Release|Any CPU.Build.0 = Release|Any CPU
		{91BF4102-69BF-47E3-B6E6-B1919839D80C}.Release|x64.ActiveCfg = Release|Any CPU
		{91BF4102-69BF-47E3-B6E6-B1919839D80C}.Release|x64.Build.0 = Release|Any CPU
		{91BF4102-69BF-47E3-B6E6-B1919839D80C}.Release|x86.ActiveCfg = Release|Any CPU
		{91BF4102-69BF-47E3-B6E6-B1919839D80C}.Release|x86.Build.0 = Release|Any CPU
	EndGlobalSection
	GlobalSection(SolutionProperties) = preSolution
		HideSolutionNode = FALSE
	EndGlobalSection
EndGlobal
